<Solution>
  <Configurations>
    <Platform Name="x64" />
    <Platform Name="x86" />
  </Configurations>
  <Folder Name="/src/">
    <Project Path="src/Diplo.Abstractions/Diplo.Abstractions.fsproj">
      <Platform Project="x64" />
    </Project>
    <Project Path="src/Diplo.Container/Diplo.Container.fsproj">
      <Platform Project="x64" />
    </Project>
    <Project Path="src/Diplo.Network/Diplo.Network.fsproj">
      <Platform Project="x64" />
    </Project>
    <Project Path="src/Diplo.Volume/Diplo.Volume.fsproj">
      <Platform Project="x64" />
    </Project>
    <Project Path="src/Diplo.Gui/Diplo.Gui.fsproj">
      <Platform Project="x64" />
    </Project>
    <Project Path="src/Diplo.Installer/Diplo.Installer.fsproj">
      <Platform Project="x64" />
    </Project>
    <Project Path="src/Diplo.Grpc/Diplo.Grpc.fsproj">
      <Platform Project="x64" />
    </Project>
    <Project Path="src/Diplo.Core/Diplo.Core.fsproj">
      <Platform Project="x64" />
    </Project>
    <Project Path="src/Diplo.Disk/Diplo.Disk.fsproj">
      <Platform Project="x64" />
    </Project>
    <Project Path="src/Diplo.Cli/Diplo.Cli.fsproj">
      <Platform Project="x64" />
    </Project>
    <Project Path="src/Diplo.Contracts/Diplo.Contracts.fsproj">
      <Platform Project="x64" />
    </Project>
  </Folder>
  <Folder Name="/tests/">
    <Project Path="tests/Diplo.Abstractions.Tests/Diplo.Abstractions.Tests.fsproj">
      <Platform Project="x64" />
    </Project>
    <Project Path="tests/Diplo.Cli.Tests/Diplo.Cli.Tests.fsproj">
      <Platform Project="x64" />
    </Project>
    <Project Path="tests/Diplo.Container.Tests/Diplo.Container.Tests.fsproj">
      <Platform Project="x64" />
    </Project>
    <Project Path="tests/Diplo.Core.Tests/Diplo.Core.Tests.fsproj">
      <Platform Project="x64" />
    </Project>
    <Project Path="tests/Diplo.Disk.Tests/Diplo.Disk.Tests.fsproj">
      <Platform Project="x64" />
    </Project>
    <Project Path="tests/Diplo.Network.Tests/Diplo.Network.Tests.fsproj">
      <Platform Project="x64" />
    </Project>
    <Project Path="tests/Diplo.Volume.Tests/Diplo.Volume.Tests.fsproj">
      <Platform Project="x64" />
    </Project>
    <Project Path="tests/Diplo.Gui.Tests/Diplo.Gui.Tests.fsproj">
      <Platform Project="x64" />
    </Project>
    <Project Path="tests/Diplo.Installer.Tests/Diplo.Installer.Tests.fsproj">
      <Platform Project="x64" />
    </Project>
    <Project Path="tests/Diplo.Integration.Tests/Diplo.Integration.Tests.fsproj">
      <Platform Project="x64" />
    </Project>
    <Project Path="tests/Diplo.TestHelpers/Diplo.TestHelpers.fsproj">
      <Platform Project="x64" />
    </Project>
  </Folder>
</Solution>
